// !$*UTF8*$!
{
	archiveVersion = 1;
	classes = {
	};
	objectVersion = 50;
	objects = {

/* Begin PBXBuildFile section */
		234F9A9BF7BE0605DEADFE93 /* Pods_CocoaHeads_CVML.framework in Frameworks */ = {isa = PBXBuildFile; fileRef = 02D023C46BA2724684F68467 /* Pods_CocoaHeads_CVML.framework */; };
		74038D7621581AC9008E0DC9 /* AppDelegate.swift in Sources */ = {isa = PBXBuildFile; fileRef = 74038D7521581AC9008E0DC9 /* AppDelegate.swift */; };
		74038D7821581AC9008E0DC9 /* ViewController.swift in Sources */ = {isa = PBXBuildFile; fileRef = 74038D7721581AC9008E0DC9 /* ViewController.swift */; };
		74038D7B21581AC9008E0DC9 /* Main.storyboard in Resources */ = {isa = PBXBuildFile; fileRef = 74038D7921581AC9008E0DC9 /* Main.storyboard */; };
		74038D7D21581ACB008E0DC9 /* Assets.xcassets in Resources */ = {isa = PBXBuildFile; fileRef = 74038D7C21581ACB008E0DC9 /* Assets.xcassets */; };
		74038D8021581ACB008E0DC9 /* LaunchScreen.storyboard in Resources */ = {isa = PBXBuildFile; fileRef = 74038D7E21581ACB008E0DC9 /* LaunchScreen.storyboard */; };
		74732930218A329A0032C964 /* PreviewView.swift in Sources */ = {isa = PBXBuildFile; fileRef = 7473292F218A329A0032C964 /* PreviewView.swift */; };
		74AAAFF6218BF06B005F9783 /* LiveCameraViewModel.swift in Sources */ = {isa = PBXBuildFile; fileRef = 74AAAFF5218BF06B005F9783 /* LiveCameraViewModel.swift */; };
		74AB4766218F986700C30B66 /* ImageClassifier.mlmodel in Sources */ = {isa = PBXBuildFile; fileRef = 74AB4765218F986700C30B66 /* ImageClassifier.mlmodel */; };
/* End PBXBuildFile section */

/* Begin PBXFileReference section */
		02D023C46BA2724684F68467 /* Pods_CocoaHeads_CVML.framework */ = {isa = PBXFileReference; explicitFileType = wrapper.framework; includeInIndex = 0; path = Pods_CocoaHeads_CVML.framework; sourceTree = BUILT_PRODUCTS_DIR; };
		089477FF484A3631AC7F0CAA /* Pods-CocoaHeads-CVML.release.xcconfig */ = {isa = PBXFileReference; includeInIndex = 1; lastKnownFileType = text.xcconfig; name = "Pods-CocoaHeads-CVML.release.xcconfig"; path = "Pods/Target Support Files/Pods-CocoaHeads-CVML/Pods-CocoaHeads-CVML.release.xcconfig"; sourceTree = "<group>"; };
		63254C95E5E9133C67344246 /* Pods-CocoaHeads-CVML.debug.xcconfig */ = {isa = PBXFileReference; includeInIndex = 1; lastKnownFileType = text.xcconfig; name = "Pods-CocoaHeads-CVML.debug.xcconfig"; path = "Pods/Target Support Files/Pods-CocoaHeads-CVML/Pods-CocoaHeads-CVML.debug.xcconfig"; sourceTree = "<group>"; };
		74038D7221581AC9008E0DC9 /* CocoaHeads-CVML.app */ = {isa = PBXFileReference; explicitFileType = wrapper.application; includeInIndex = 0; path = "CocoaHeads-CVML.app"; sourceTree = BUILT_PRODUCTS_DIR; };
		74038D7521581AC9008E0DC9 /* AppDelegate.swift */ = {isa = PBXFileReference; lastKnownFileType = sourcecode.swift; path = AppDelegate.swift; sourceTree = "<group>"; };
		74038D7721581AC9008E0DC9 /* ViewController.swift */ = {isa = PBXFileReference; lastKnownFileType = sourcecode.swift; path = ViewController.swift; sourceTree = "<group>"; };
		74038D7A21581AC9008E0DC9 /* Base */ = {isa = PBXFileReference; lastKnownFileType = file.storyboard; name = Base; path = Base.lproj/Main.storyboard; sourceTree = "<group>"; };
		74038D7C21581ACB008E0DC9 /* Assets.xcassets */ = {isa = PBXFileReference; lastKnownFileType = folder.assetcatalog; path = Assets.xcassets; sourceTree = "<group>"; };
		74038D7F21581ACB008E0DC9 /* Base */ = {isa = PBXFileReference; lastKnownFileType = file.storyboard; name = Base; path = Base.lproj/LaunchScreen.storyboard; sourceTree = "<group>"; };
		74038D8121581ACB008E0DC9 /* Info.plist */ = {isa = PBXFileReference; lastKnownFileType = text.plist.xml; path = Info.plist; sourceTree = "<group>"; };
		7473292F218A329A0032C964 /* PreviewView.swift */ = {isa = PBXFileReference; lastKnownFileType = sourcecode.swift; path = PreviewView.swift; sourceTree = "<group>"; };
		74AAAFF5218BF06B005F9783 /* LiveCameraViewModel.swift */ = {isa = PBXFileReference; lastKnownFileType = sourcecode.swift; path = LiveCameraViewModel.swift; sourceTree = "<group>"; };
		74AB4765218F986700C30B66 /* ImageClassifier.mlmodel */ = {isa = PBXFileReference; lastKnownFileType = file.mlmodel; path = ImageClassifier.mlmodel; sourceTree = SOURCE_ROOT; };
/* End PBXFileReference section */

/* Begin PBXFrameworksBuildPhase section */
		74038D6F21581AC9008E0DC9 /* Frameworks */ = {
			isa = PBXFrameworksBuildPhase;
			buildActionMask = 2147483647;
			files = (
				234F9A9BF7BE0605DEADFE93 /* Pods_CocoaHeads_CVML.framework in Frameworks */,
			);
			runOnlyForDeploymentPostprocessing = 0;
		};
/* End PBXFrameworksBuildPhase section */

/* Begin PBXGroup section */
		727A3008F3FBB7E6FC09BA29 /* Frameworks */ = {
			isa = PBXGroup;
			children = (
				02D023C46BA2724684F68467 /* Pods_CocoaHeads_CVML.framework */,
			);
			name = Frameworks;
			sourceTree = "<group>";
		};
		74038D6921581AC9008E0DC9 = {
			isa = PBXGroup;
			children = (
				74038D7421581AC9008E0DC9 /* CocoaHeads-CVML */,
				74038D7321581AC9008E0DC9 /* Products */,
				C022A15D8EB200A98252917E /* Pods */,
				727A3008F3FBB7E6FC09BA29 /* Frameworks */,
			);
			sourceTree = "<group>";
		};
		74038D7321581AC9008E0DC9 /* Products */ = {
			isa = PBXGroup;
			children = (
				74038D7221581AC9008E0DC9 /* CocoaHeads-CVML.app */,
			);
			name = Products;
			sourceTree = "<group>";
		};
		74038D7421581AC9008E0DC9 /* CocoaHeads-CVML */ = {
			isa = PBXGroup;
			children = (
				74038D7521581AC9008E0DC9 /* AppDelegate.swift */,
				7473292D218A32630032C964 /* Views */,
				7473292C218A325B0032C964 /* Controllers */,
				7473292B218A324F0032C964 /* ViewModels */,
				74732931218A32BB0032C964 /* Supporting Files */,
			);
			path = "CocoaHeads-CVML";
			sourceTree = "<group>";
		};
		7473292B218A324F0032C964 /* ViewModels */ = {
			isa = PBXGroup;
			children = (
				74AAAFF5218BF06B005F9783 /* LiveCameraViewModel.swift */,
			);
			name = ViewModels;
			sourceTree = "<group>";
		};
		7473292C218A325B0032C964 /* Controllers */ = {
			isa = PBXGroup;
			children = (
				74038D7721581AC9008E0DC9 /* ViewController.swift */,
			);
			name = Controllers;
			sourceTree = "<group>";
		};
		7473292D218A32630032C964 /* Views */ = {
			isa = PBXGroup;
			children = (
				74038D7921581AC9008E0DC9 /* Main.storyboard */,
				7473292F218A329A0032C964 /* PreviewView.swift */,
			);
			name = Views;
			sourceTree = "<group>";
		};
		74732931218A32BB0032C964 /* Supporting Files */ = {
			isa = PBXGroup;
			children = (
				74AB4765218F986700C30B66 /* ImageClassifier.mlmodel */,
				74038D7C21581ACB008E0DC9 /* Assets.xcassets */,
				74038D7E21581ACB008E0DC9 /* LaunchScreen.storyboard */,
				74038D8121581ACB008E0DC9 /* Info.plist */,
			);
			name = "Supporting Files";
			sourceTree = "<group>";
		};
		C022A15D8EB200A98252917E /* Pods */ = {
			isa = PBXGroup;
			children = (
				63254C95E5E9133C67344246 /* Pods-CocoaHeads-CVML.debug.xcconfig */,
				089477FF484A3631AC7F0CAA /* Pods-CocoaHeads-CVML.release.xcconfig */,
			);
			name = Pods;
			sourceTree = "<group>";
		};
/* End PBXGroup section */

/* Begin PBXNativeTarget section */
		74038D7121581AC9008E0DC9 /* CocoaHeads-CVML */ = {
			isa = PBXNativeTarget;
			buildConfigurationList = 74038D8421581ACB008E0DC9 /* Build configuration list for PBXNativeTarget "CocoaHeads-CVML" */;
			buildPhases = (
				1BC1EAAE4B82DE6BC68335D7 /* [CP] Check Pods Manifest.lock */,
				74038D6E21581AC9008E0DC9 /* Sources */,
				74038D6F21581AC9008E0DC9 /* Frameworks */,
				74038D7021581AC9008E0DC9 /* Resources */,
				074937B093B98731E9E6D314 /* [CP] Embed Pods Frameworks */,
			);
			buildRules = (
			);
			dependencies = (
			);
			name = "CocoaHeads-CVML";
			productName = "CocoaHeads-CVML";
			productReference = 74038D7221581AC9008E0DC9 /* CocoaHeads-CVML.app */;
			productType = "com.apple.product-type.application";
		};
/* End PBXNativeTarget section */

/* Begin PBXProject section */
		74038D6A21581AC9008E0DC9 /* Project object */ = {
			isa = PBXProject;
			attributes = {
				LastSwiftUpdateCheck = 1000;
				LastUpgradeCheck = 1000;
				ORGANIZATIONNAME = "Kosoku Interactive, LLC";
				TargetAttributes = {
					74038D7121581AC9008E0DC9 = {
						CreatedOnToolsVersion = 10.0;
					};
				};
			};
			buildConfigurationList = 74038D6D21581AC9008E0DC9 /* Build configuration list for PBXProject "CocoaHeads-CVML" */;
			compatibilityVersion = "Xcode 9.3";
			developmentRegion = en;
			hasScannedForEncodings = 0;
			knownRegions = (
				en,
				Base,
			);
			mainGroup = 74038D6921581AC9008E0DC9;
			productRefGroup = 74038D7321581AC9008E0DC9 /* Products */;
			projectDirPath = "";
			projectRoot = "";
			targets = (
				74038D7121581AC9008E0DC9 /* CocoaHeads-CVML */,
			);
		};
/* End PBXProject section */

/* Begin PBXResourcesBuildPhase section */
		74038D7021581AC9008E0DC9 /* Resources */ = {
			isa = PBXResourcesBuildPhase;
			buildActionMask = 2147483647;
			files = (
				74038D8021581ACB008E0DC9 /* LaunchScreen.storyboard in Resources */,
				74038D7D21581ACB008E0DC9 /* Assets.xcassets in Resources */,
				74038D7B21581AC9008E0DC9 /* Main.storyboard in Resources */,
			);
			runOnlyForDeploymentPostprocessing = 0;
		};
/* End PBXResourcesBuildPhase section */

/* Begin PBXShellScriptBuildPhase section */
		074937B093B98731E9E6D314 /* [CP] Embed Pods Frameworks */ = {
			isa = PBXShellScriptBuildPhase;
			buildActionMask = 2147483647;
			files = (
			);
			inputPaths = (
				"${SRCROOT}/Pods/Target Support Files/Pods-CocoaHeads-CVML/Pods-CocoaHeads-CVML-frameworks.sh",
				"${BUILT_PRODUCTS_DIR}/Ditko/Ditko.framework",
				"${BUILT_PRODUCTS_DIR}/KSOFontAwesomeExtensions/KSOFontAwesomeExtensions.framework",
				"${BUILT_PRODUCTS_DIR}/Loki/Loki.framework",
				"${BUILT_PRODUCTS_DIR}/Stanley/Stanley.framework",
			);
			name = "[CP] Embed Pods Frameworks";
			outputPaths = (
				"${TARGET_BUILD_DIR}/${FRAMEWORKS_FOLDER_PATH}/Ditko.framework",
				"${TARGET_BUILD_DIR}/${FRAMEWORKS_FOLDER_PATH}/KSOFontAwesomeExtensions.framework",
				"${TARGET_BUILD_DIR}/${FRAMEWORKS_FOLDER_PATH}/Loki.framework",
				"${TARGET_BUILD_DIR}/${FRAMEWORKS_FOLDER_PATH}/Stanley.framework",
			);
			runOnlyForDeploymentPostprocessing = 0;
			shellPath = /bin/sh;
			shellScript = "\"${SRCROOT}/Pods/Target Support Files/Pods-CocoaHeads-CVML/Pods-CocoaHeads-CVML-frameworks.sh\"\n";
			showEnvVarsInLog = 0;
		};
		1BC1EAAE4B82DE6BC68335D7 /* [CP] Check Pods Manifest.lock */ = {
			isa = PBXShellScriptBuildPhase;
			buildActionMask = 2147483647;
			files = (
			);
			inputPaths = (
				"${PODS_PODFILE_DIR_PATH}/Podfile.lock",
				"${PODS_ROOT}/Manifest.lock",
			);
			name = "[CP] Check Pods Manifest.lock";
			outputPaths = (
				"$(DERIVED_FILE_DIR)/Pods-CocoaHeads-CVML-checkManifestLockResult.txt",
			);
			runOnlyForDeploymentPostprocessing = 0;
			shellPath = /bin/sh;
			shellScript = "diff \"${PODS_PODFILE_DIR_PATH}/Podfile.lock\" \"${PODS_ROOT}/Manifest.lock\" > /dev/null\nif [ $? != 0 ] ; then\n    # print error to STDERR\n    echo \"error: The sandbox is not in sync with the Podfile.lock. Run 'pod install' or update your CocoaPods installation.\" >&2\n    exit 1\nfi\n# This output is used by Xcode 'outputs' to avoid re-running this script phase.\necho \"SUCCESS\" > \"${SCRIPT_OUTPUT_FILE_0}\"\n";
			showEnvVarsInLog = 0;
		};
/* End PBXShellScriptBuildPhase section */

/* Begin PBXSourcesBuildPhase section */
		74038D6E21581AC9008E0DC9 /* Sources */ = {
			isa = PBXSourcesBuildPhase;
			buildActionMask = 2147483647;
			files = (
				74038D7821581AC9008E0DC9 /* ViewController.swift in Sources */,
				74AAAFF6218BF06B005F9783 /* LiveCameraViewModel.swift in Sources */,
				74038D7621581AC9008E0DC9 /* AppDelegate.swift in Sources */,
				74732930218A329A0032C964 /* PreviewView.swift in Sources */,
				74AB4766218F986700C30B66 /* ImageClassifier.mlmodel in Sources */,
			);
			runOnlyForDeploymentPostprocessing = 0;
		};
/* End PBXSourcesBuildPhase section */

/* Begin PBXVariantGroup section */
		74038D7921581AC9008E0DC9 /* Main.storyboard */ = {
			isa = PBXVariantGroup;
			children = (
				74038D7A21581AC9008E0DC9 /* Base */,
			);
			name = Main.storyboard;
			sourceTree = "<group>";
		};
		74038D7E21581ACB008E0DC9 /* LaunchScreen.storyboard */ = {
			isa = PBXVariantGroup;
			children = (
				74038D7F21581ACB008E0DC9 /* Base */,
			);
			name = LaunchScreen.storyboard;
			sourceTree = "<group>";
		};
/* End PBXVariantGroup section */

/* Begin XCBuildConfiguration section */
		74038D8221581ACB008E0DC9 /* Debug */ = {
			isa = XCBuildConfiguration;
			buildSettings = {
				ALWAYS_SEARCH_USER_PATHS = NO;
				CLANG_ANALYZER_NONNULL = YES;
				CLANG_ANALYZER_NUMBER_OBJECT_CONVERSION = YES_AGGRESSIVE;
				CLANG_CXX_LANGUAGE_STANDARD = "gnu++14";
				CLANG_CXX_LIBRARY = "libc++";
				CLANG_ENABLE_MODULES = YES;
				CLANG_ENABLE_OBJC_ARC = YES;
				CLANG_ENABLE_OBJC_WEAK = YES;
				CLANG_WARN_BLOCK_CAPTURE_AUTORELEASING = YES;
				CLANG_WARN_BOOL_CONVERSION = YES;
				CLANG_WARN_COMMA = YES;
				CLANG_WARN_CONSTANT_CONVERSION = YES;
				CLANG_WARN_DEPRECATED_OBJC_IMPLEMENTATIONS = YES;
				CLANG_WARN_DIRECT_OBJC_ISA_USAGE = YES_ERROR;
				CLANG_WARN_DOCUMENTATION_COMMENTS = YES;
				CLANG_WARN_EMPTY_BODY = YES;
				CLANG_WARN_ENUM_CONVERSION = YES;
				CLANG_WARN_INFINITE_RECURSION = YES;
				CLANG_WARN_INT_CONVERSION = YES;
				CLANG_WARN_NON_LITERAL_NULL_CONVERSION = YES;
				CLANG_WARN_OBJC_IMPLICIT_RETAIN_SELF = YES;
				CLANG_WARN_OBJC_LITERAL_CONVERSION = YES;
				CLANG_WARN_OBJC_ROOT_CLASS = YES_ERROR;
				CLANG_WARN_RANGE_LOOP_ANALYSIS = YES;
				CLANG_WARN_STRICT_PROTOTYPES = YES;
				CLANG_WARN_SUSPICIOUS_MOVE = YES;
				CLANG_WARN_UNGUARDED_AVAILABILITY = YES_AGGRESSIVE;
				CLANG_WARN_UNREACHABLE_CODE = YES;
				CLANG_WARN__DUPLICATE_METHOD_MATCH = YES;
				CODE_SIGN_IDENTITY = "iPhone Developer";
				COPY_PHASE_STRIP = NO;
				DEBUG_INFORMATION_FORMAT = dwarf;
				ENABLE_STRICT_OBJC_MSGSEND = YES;
				ENABLE_TESTABILITY = YES;
				GCC_C_LANGUAGE_STANDARD = gnu11;
				GCC_DYNAMIC_NO_PIC = NO;
				GCC_NO_COMMON_BLOCKS = YES;
				GCC_OPTIMIZATION_LEVEL = 0;
				GCC_PREPROCESSOR_DEFINITIONS = (
					"DEBUG=1",
					"$(inherited)",
				);
				GCC_WARN_64_TO_32_BIT_CONVERSION = YES;
				GCC_WARN_ABOUT_RETURN_TYPE = YES_ERROR;
				GCC_WARN_UNDECLARED_SELECTOR = YES;
				GCC_WARN_UNINITIALIZED_AUTOS = YES_AGGRESSIVE;
				GCC_WARN_UNUSED_FUNCTION = YES;
				GCC_WARN_UNUSED_VARIABLE = YES;
				IPHONEOS_DEPLOYMENT_TARGET = 12.0;
				MTL_ENABLE_DEBUG_INFO = INCLUDE_SOURCE;
				MTL_FAST_MATH = YES;
				ONLY_ACTIVE_ARCH = YES;
				SDKROOT = iphoneos;
				SWIFT_ACTIVE_COMPILATION_CONDITIONS = DEBUG;
				SWIFT_OPTIMIZATION_LEVEL = "-Onone";
			};
			name = Debug;
		};
		74038D8321581ACB008E0DC9 /* Release */ = {
			isa = XCBuildConfiguration;
			buildSettings = {
				ALWAYS_SEARCH_USER_PATHS = NO;
				CLANG_ANALYZER_NONNULL = YES;
				CLANG_ANALYZER_NUMBER_OBJECT_CONVERSION = YES_AGGRESSIVE;
				CLANG_CXX_LANGUAGE_STANDARD = "gnu++14";
				CLANG_CXX_LIBRARY = "libc++";
				CLANG_ENABLE_MODULES = YES;
				CLANG_ENABLE_OBJC_ARC = YES;
				CLANG_ENABLE_OBJC_WEAK = YES;
				CLANG_WARN_BLOCK_CAPTURE_AUTORELEASING = YES;
				CLANG_WARN_BOOL_CONVERSION = YES;
				CLANG_WARN_COMMA = YES;
				CLANG_WARN_CONSTANT_CONVERSION = YES;
				CLANG_WARN_DEPRECATED_OBJC_IMPLEMENTATIONS = YES;
				CLANG_WARN_DIRECT_OBJC_ISA_USAGE = YES_ERROR;
				CLANG_WARN_DOCUMENTATION_COMMENTS = YES;
				CLANG_WARN_EMPTY_BODY = YES;
				CLANG_WARN_ENUM_CONVERSION = YES;
				CLANG_WARN_INFINITE_RECURSION = YES;
				CLANG_WARN_INT_CONVERSION = YES;
				CLANG_WARN_NON_LITERAL_NULL_CONVERSION = YES;
				CLANG_WARN_OBJC_IMPLICIT_RETAIN_SELF = YES;
				CLANG_WARN_OBJC_LITERAL_CONVERSION = YES;
				CLANG_WARN_OBJC_ROOT_CLASS = YES_ERROR;
				CLANG_WARN_RANGE_LOOP_ANALYSIS = YES;
				CLANG_WARN_STRICT_PROTOTYPES = YES;
				CLANG_WARN_SUSPICIOUS_MOVE = YES;
				CLANG_WARN_UNGUARDED_AVAILABILITY = YES_AGGRESSIVE;
				CLANG_WARN_UNREACHABLE_CODE = YES;
				CLANG_WARN__DUPLICATE_METHOD_MATCH = YES;
				CODE_SIGN_IDENTITY = "iPhone Developer";
				COPY_PHASE_STRIP = NO;
				DEBUG_INFORMATION_FORMAT = "dwarf-with-dsym";
				ENABLE_NS_ASSERTIONS = NO;
				ENABLE_STRICT_OBJC_MSGSEND = YES;
				GCC_C_LANGUAGE_STANDARD = gnu11;
				GCC_NO_COMMON_BLOCKS = YES;
				GCC_WARN_64_TO_32_BIT_CONVERSION = YES;
				GCC_WARN_ABOUT_RETURN_TYPE = YES_ERROR;
				GCC_WARN_UNDECLARED_SELECTOR = YES;
				GCC_WARN_UNINITIALIZED_AUTOS = YES_AGGRESSIVE;
				GCC_WARN_UNUSED_FUNCTION = YES;
				GCC_WARN_UNUSED_VARIABLE = YES;
				IPHONEOS_DEPLOYMENT_TARGET = 12.0;
				MTL_ENABLE_DEBUG_INFO = NO;
				MTL_FAST_MATH = YES;
				SDKROOT = iphoneos;
				SWIFT_COMPILATION_MODE = wholemodule;
				SWIFT_OPTIMIZATION_LEVEL = "-O";
				VALIDATE_PRODUCT = YES;
			};
			name = Release;
		};
		74038D8521581ACB008E0DC9 /* Debug */ = {
			isa = XCBuildConfiguration;
			baseConfigurationReference = 63254C95E5E9133C67344246 /* Pods-CocoaHeads-CVML.debug.xcconfig */;
			buildSettings = {
				ASSETCATALOG_COMPILER_APPICON_NAME = AppIcon;
				CODE_SIGN_STYLE = Automatic;
				DEVELOPMENT_TEAM = 74KPPW2K35;
				INFOPLIST_FILE = "CocoaHeads-CVML/Info.plist";
				LD_RUNPATH_SEARCH_PATHS = (
					"$(inherited)",
					"@executable_path/Frameworks",
				);
				PRODUCT_BUNDLE_IDENTIFIER = "com.kosoku.CocoaHeads-CVML";
				PRODUCT_NAME = "$(TARGET_NAME)";
				SWIFT_VERSION = 4.2;
				TARGETED_DEVICE_FAMILY = "1,2";
			};
			name = Debug;
		};
		74038D8621581ACB008E0DC9 /* Release */ = {
			isa = XCBuildConfiguration;
			baseConfigurationReference = 089477FF484A3631AC7F0CAA /* Pods-CocoaHeads-CVML.release.xcconfig */;
			buildSettings = {
				ASSETCATALOG_COMPILER_APPICON_NAME = AppIcon;
				CODE_SIGN_STYLE = Automatic;
				DEVELOPMENT_TEAM = 74KPPW2K35;
				INFOPLIST_FILE = "CocoaHeads-CVML/Info.plist";
				LD_RUNPATH_SEARCH_PATHS = (
					"$(inherited)",
					"@executable_path/Frameworks",
				);
				PRODUCT_BUNDLE_IDENTIFIER = "com.kosoku.CocoaHeads-CVML";
				PRODUCT_NAME = "$(TARGET_NAME)";
				SWIFT_VERSION = 4.2;
				TARGETED_DEVICE_FAMILY = "1,2";
			};
			name = Release;
		};
/* End XCBuildConfiguration section */

/* Begin XCConfigurationList section */
		74038D6D21581AC9008E0DC9 /* Build configuration list for PBXProject "CocoaHeads-CVML" */ = {
			isa = XCConfigurationList;
			buildConfigurations = (
				74038D8221581ACB008E0DC9 /* Debug */,
				74038D8321581ACB008E0DC9 /* Release */,
			);
			defaultConfigurationIsVisible = 0;
			defaultConfigurationName = Release;
		};
		74038D8421581ACB008E0DC9 /* Build configuration list for PBXNativeTarget "CocoaHeads-CVML" */ = {
			isa = XCConfigurationList;
			buildConfigurations = (
				74038D8521581ACB008E0DC9 /* Debug */,
				74038D8621581ACB008E0DC9 /* Release */,
			);
			defaultConfigurationIsVisible = 0;
			defaultConfigurationName = Release;
		};
/* End XCConfigurationList section */
	};
	rootObject = 74038D6A21581AC9008E0DC9 /* Project object */;
}
